
Microsoft Visual Studio Solution File, Format Version 12.00
# Visual Studio Version 16
VisualStudioVersion = 25.0.1704.4
MinimumVisualStudioVersion = 10.0.40219.1
Project("{FAE04EC0-301F-11D3-BF4B-00C04F79EFBC}") = "partsbin", "partsbin\partsbin.csproj", "{8A27BE61-CA4C-4283-AD07-7AE59C839C06}"
EndProject
Project("{FAE04EC0-301F-11D3-BF4B-00C04F79EFBC}") = "partsbin.BusinessLogic", "partsbin.BusinessLogic\partsbin.BusinessLogic.csproj", "{91DE08D3-5CD2-4AFE-9F5C-27CB744A3842}"
EndProject
Project("{FAE04EC0-301F-11D3-BF4B-00C04F79EFBC}") = "partsbin.Tests", "partsbin.Tests\partsbin.Tests.csproj", "{DD6A28AC-B804-4BD7-A0EB-DCD4F34A68BF}"
EndProject
Global
	GlobalSection(SolutionConfigurationPlatforms) = preSolution
		Debug|Any CPU = Debug|Any CPU
		Release|Any CPU = Release|Any CPU
	EndGlobalSection
	GlobalSection(ProjectConfigurationPlatforms) = postSolution
		{8A27BE61-CA4C-4283-AD07-7AE59C839C06}.Debug|Any CPU.ActiveCfg = Debug|Any CPU
		{8A27BE61-CA4C-4283-AD07-7AE59C839C06}.Debug|Any CPU.Build.0 = Debug|Any CPU
		{8A27BE61-CA4C-4283-AD07-7AE59C839C06}.Release|Any CPU.ActiveCfg = Release|Any CPU
		{8A27BE61-CA4C-4283-AD07-7AE59C839C06}.Release|Any CPU.Build.0 = Release|Any CPU
		{91DE08D3-5CD2-4AFE-9F5C-27CB744A3842}.Debug|Any CPU.ActiveCfg = Debug|Any CPU
		{91DE08D3-5CD2-4AFE-9F5C-27CB744A3842}.Debug|Any CPU.Build.0 = Debug|Any CPU
		{91DE08D3-5CD2-4AFE-9F5C-27CB744A3842}.Release|Any CPU.ActiveCfg = Release|Any CPU
		{91DE08D3-5CD2-4AFE-9F5C-27CB744A3842}.Release|Any CPU.Build.0 = Release|Any CPU
		{DD6A28AC-B804-4BD7-A0EB-DCD4F34A68BF}.Debug|Any CPU.ActiveCfg = Debug|Any CPU
		{DD6A28AC-B804-4BD7-A0EB-DCD4F34A68BF}.Debug|Any CPU.Build.0 = Debug|Any CPU
		{DD6A28AC-B804-4BD7-A0EB-DCD4F34A68BF}.Release|Any CPU.ActiveCfg = Release|Any CPU
		{DD6A28AC-B804-4BD7-A0EB-DCD4F34A68BF}.Release|Any CPU.Build.0 = Release|Any CPU
	EndGlobalSection
	GlobalSection(SolutionProperties) = preSolution
		HideSolutionNode = FALSE
	EndGlobalSection
	GlobalSection(ExtensibilityGlobals) = postSolution
		SolutionGuid = {22B2DAF8-7016-47AD-9F3F-D2A1B1833659}
	EndGlobalSection
EndGlobal
